// !$*UTF8*$!
{
	archiveVersion = 1;
	classes = {
	};
	objectVersion = 56;
	objects = {

/* Begin PBXBuildFile section */
		FD7143952A3F5D9000994AA7 /* AppDelegate.swift in Sources */ = {isa = PBXBuildFile; fileRef = FD7143942A3F5D9000994AA7 /* AppDelegate.swift */; };
		FD7143972A3F5D9000994AA7 /* SceneDelegate.swift in Sources */ = {isa = PBXBuildFile; fileRef = FD7143962A3F5D9000994AA7 /* SceneDelegate.swift */; };
		FD7143992A3F5D9000994AA7 /* ViewController.swift in Sources */ = {isa = PBXBuildFile; fileRef = FD7143982A3F5D9000994AA7 /* ViewController.swift */; };
		FD71439C2A3F5D9000994AA7 /* Main.storyboard in Resources */ = {isa = PBXBuildFile; fileRef = FD71439A2A3F5D9000994AA7 /* Main.storyboard */; };
		FD71439E2A3F5D9100994AA7 /* Assets.xcassets in Resources */ = {isa = PBXBuildFile; fileRef = FD71439D2A3F5D9100994AA7 /* Assets.xcassets */; };
		FD7143A12A3F5D9100994AA7 /* LaunchScreen.storyboard in Resources */ = {isa = PBXBuildFile; fileRef = FD71439F2A3F5D9100994AA7 /* LaunchScreen.storyboard */; };
		FD7143EC2A3F79B500994AA7 /* 10_of_hearts.png in Resources */ = {isa = PBXBuildFile; fileRef = FD7143A92A3F79B300994AA7 /* 10_of_hearts.png */; };
		FD7143ED2A3F79B500994AA7 /* 6_of_clubs.png in Resources */ = {isa = PBXBuildFile; fileRef = FD7143AA2A3F79B300994AA7 /* 6_of_clubs.png */; };
		FD7143EE2A3F79B500994AA7 /* jack_of_diamonds.png in Resources */ = {isa = PBXBuildFile; fileRef = FD7143AB2A3F79B300994AA7 /* jack_of_diamonds.png */; };
		FD7143EF2A3F79B500994AA7 /* 3_of_diamonds.png in Resources */ = {isa = PBXBuildFile; fileRef = FD7143AC2A3F79B400994AA7 /* 3_of_diamonds.png */; };
		FD7143F02A3F79B500994AA7 /* ace_of_hearts.png in Resources */ = {isa = PBXBuildFile; fileRef = FD7143AD2A3F79B400994AA7 /* ace_of_hearts.png */; };
		FD7143F12A3F79B500994AA7 /* queen_of_diamonds2.png in Resources */ = {isa = PBXBuildFile; fileRef = FD7143AE2A3F79B400994AA7 /* queen_of_diamonds2.png */; };
		FD7143F22A3F79B500994AA7 /* jack_of_spades2.png in Resources */ = {isa = PBXBuildFile; fileRef = FD7143AF2A3F79B400994AA7 /* jack_of_spades2.png */; };
		FD7143F32A3F79B500994AA7 /* 5_of_spades.png in Resources */ = {isa = PBXBuildFile; fileRef = FD7143B02A3F79B400994AA7 /* 5_of_spades.png */; };
		FD7143F42A3F79B500994AA7 /* 4_of_clubs.png in Resources */ = {isa = PBXBuildFile; fileRef = FD7143B12A3F79B400994AA7 /* 4_of_clubs.png */; };
		FD7143F52A3F79B500994AA7 /* queen_of_spades.png in Resources */ = {isa = PBXBuildFile; fileRef = FD7143B22A3F79B400994AA7 /* queen_of_spades.png */; };
		FD7143F62A3F79B500994AA7 /* king_of_hearts.png in Resources */ = {isa = PBXBuildFile; fileRef = FD7143B32A3F79B400994AA7 /* king_of_hearts.png */; };
		FD7143F72A3F79B500994AA7 /* ace_of_diamonds.png in Resources */ = {isa = PBXBuildFile; fileRef = FD7143B42A3F79B400994AA7 /* ace_of_diamonds.png */; };
		FD7143F82A3F79B500994AA7 /* 6_of_diamonds.png in Resources */ = {isa = PBXBuildFile; fileRef = FD7143B52A3F79B400994AA7 /* 6_of_diamonds.png */; };
		FD7143F92A3F79B500994AA7 /* 7_of_clubs.png in Resources */ = {isa = PBXBuildFile; fileRef = FD7143B62A3F79B400994AA7 /* 7_of_clubs.png */; };
		FD7143FA2A3F79B500994AA7 /* 5_of_clubs.png in Resources */ = {isa = PBXBuildFile; fileRef = FD7143B72A3F79B400994AA7 /* 5_of_clubs.png */; };
		FD7143FB2A3F79B500994AA7 /* king_of_spades.png in Resources */ = {isa = PBXBuildFile; fileRef = FD7143B82A3F79B400994AA7 /* king_of_spades.png */; };
		FD7143FC2A3F79B500994AA7 /* queen_of_diamonds.png in Resources */ = {isa = PBXBuildFile; fileRef = FD7143B92A3F79B400994AA7 /* queen_of_diamonds.png */; };
		FD7143FD2A3F79B500994AA7 /* 7_of_spades.png in Resources */ = {isa = PBXBuildFile; fileRef = FD7143BA2A3F79B400994AA7 /* 7_of_spades.png */; };
		FD7143FE2A3F79B500994AA7 /* king_of_clubs2.png in Resources */ = {isa = PBXBuildFile; fileRef = FD7143BB2A3F79B400994AA7 /* king_of_clubs2.png */; };
		FD7143FF2A3F79B500994AA7 /* jack_of_clubs.png in Resources */ = {isa = PBXBuildFile; fileRef = FD7143BC2A3F79B400994AA7 /* jack_of_clubs.png */; };
		FD7144002A3F79B500994AA7 /* 4_of_diamonds.png in Resources */ = {isa = PBXBuildFile; fileRef = FD7143BD2A3F79B400994AA7 /* 4_of_diamonds.png */; };
		FD7144012A3F79B500994AA7 /* 8_of_diamonds.png in Resources */ = {isa = PBXBuildFile; fileRef = FD7143BE2A3F79B400994AA7 /* 8_of_diamonds.png */; };
		FD7144022A3F79B500994AA7 /* 7_of_hearts.png in Resources */ = {isa = PBXBuildFile; fileRef = FD7143BF2A3F79B400994AA7 /* 7_of_hearts.png */; };
		FD7144032A3F79B500994AA7 /* queen_of_hearts2.png in Resources */ = {isa = PBXBuildFile; fileRef = FD7143C02A3F79B400994AA7 /* queen_of_hearts2.png */; };
		FD7144042A3F79B500994AA7 /* red_joker.png in Resources */ = {isa = PBXBuildFile; fileRef = FD7143C12A3F79B400994AA7 /* red_joker.png */; };
		FD7144052A3F79B500994AA7 /* 8_of_hearts.png in Resources */ = {isa = PBXBuildFile; fileRef = FD7143C22A3F79B400994AA7 /* 8_of_hearts.png */; };
		FD7144062A3F79B500994AA7 /* queen_of_clubs.png in Resources */ = {isa = PBXBuildFile; fileRef = FD7143C32A3F79B400994AA7 /* queen_of_clubs.png */; };
		FD7144072A3F79B500994AA7 /* 10_of_diamonds.png in Resources */ = {isa = PBXBuildFile; fileRef = FD7143C42A3F79B400994AA7 /* 10_of_diamonds.png */; };
		FD7144082A3F79B500994AA7 /* jack_of_diamonds2.png in Resources */ = {isa = PBXBuildFile; fileRef = FD7143C52A3F79B400994AA7 /* jack_of_diamonds2.png */; };
		FD7144092A3F79B500994AA7 /* 3_of_hearts.png in Resources */ = {isa = PBXBuildFile; fileRef = FD7143C62A3F79B400994AA7 /* 3_of_hearts.png */; };
		FD71440A2A3F79B500994AA7 /* ace_of_spades2.png in Resources */ = {isa = PBXBuildFile; fileRef = FD7143C72A3F79B400994AA7 /* ace_of_spades2.png */; };
		FD71440B2A3F79B500994AA7 /* 3_of_spades.png in Resources */ = {isa = PBXBuildFile; fileRef = FD7143C82A3F79B400994AA7 /* 3_of_spades.png */; };
		FD71440C2A3F79B500994AA7 /* king_of_clubs.png in Resources */ = {isa = PBXBuildFile; fileRef = FD7143C92A3F79B400994AA7 /* king_of_clubs.png */; };
		FD71440D2A3F79B500994AA7 /* black_joker.png in Resources */ = {isa = PBXBuildFile; fileRef = FD7143CA2A3F79B400994AA7 /* black_joker.png */; };
		FD71440E2A3F79B500994AA7 /* queen_of_hearts.png in Resources */ = {isa = PBXBuildFile; fileRef = FD7143CB2A3F79B400994AA7 /* queen_of_hearts.png */; };
		FD71440F2A3F79B500994AA7 /* 2_of_spades.png in Resources */ = {isa = PBXBuildFile; fileRef = FD7143CC2A3F79B400994AA7 /* 2_of_spades.png */; };
		FD7144102A3F79B500994AA7 /* 10_of_clubs.png in Resources */ = {isa = PBXBuildFile; fileRef = FD7143CD2A3F79B400994AA7 /* 10_of_clubs.png */; };
		FD7144112A3F79B500994AA7 /* 7_of_diamonds.png in Resources */ = {isa = PBXBuildFile; fileRef = FD7143CE2A3F79B400994AA7 /* 7_of_diamonds.png */; };
		FD7144122A3F79B500994AA7 /* ace_of_spades.png in Resources */ = {isa = PBXBuildFile; fileRef = FD7143CF2A3F79B400994AA7 /* ace_of_spades.png */; };
		FD7144132A3F79B500994AA7 /* king_of_diamonds.png in Resources */ = {isa = PBXBuildFile; fileRef = FD7143D02A3F79B400994AA7 /* king_of_diamonds.png */; };
		FD7144142A3F79B500994AA7 /* 2_of_hearts.png in Resources */ = {isa = PBXBuildFile; fileRef = FD7143D12A3F79B400994AA7 /* 2_of_hearts.png */; };
		FD7144152A3F79B500994AA7 /* 5_of_hearts.png in Resources */ = {isa = PBXBuildFile; fileRef = FD7143D22A3F79B400994AA7 /* 5_of_hearts.png */; };
		FD7144162A3F79B500994AA7 /* 9_of_hearts.png in Resources */ = {isa = PBXBuildFile; fileRef = FD7143D32A3F79B400994AA7 /* 9_of_hearts.png */; };
		FD7144172A3F79B500994AA7 /* queen_of_spades2.png in Resources */ = {isa = PBXBuildFile; fileRef = FD7143D42A3F79B400994AA7 /* queen_of_spades2.png */; };
		FD7144182A3F79B500994AA7 /* 8_of_clubs.png in Resources */ = {isa = PBXBuildFile; fileRef = FD7143D52A3F79B400994AA7 /* 8_of_clubs.png */; };
		FD7144192A3F79B500994AA7 /* 6_of_hearts.png in Resources */ = {isa = PBXBuildFile; fileRef = FD7143D62A3F79B400994AA7 /* 6_of_hearts.png */; };
		FD71441A2A3F79B500994AA7 /* 8_of_spades.png in Resources */ = {isa = PBXBuildFile; fileRef = FD7143D72A3F79B400994AA7 /* 8_of_spades.png */; };
		FD71441B2A3F79B500994AA7 /* 2_of_diamonds.png in Resources */ = {isa = PBXBuildFile; fileRef = FD7143D82A3F79B400994AA7 /* 2_of_diamonds.png */; };
		FD71441C2A3F79B500994AA7 /* 4_of_spades.png in Resources */ = {isa = PBXBuildFile; fileRef = FD7143D92A3F79B400994AA7 /* 4_of_spades.png */; };
		FD71441D2A3F79B500994AA7 /* jack_of_clubs2.png in Resources */ = {isa = PBXBuildFile; fileRef = FD7143DA2A3F79B400994AA7 /* jack_of_clubs2.png */; };
		FD71441E2A3F79B500994AA7 /* 3_of_clubs.png in Resources */ = {isa = PBXBuildFile; fileRef = FD7143DB2A3F79B400994AA7 /* 3_of_clubs.png */; };
		FD71441F2A3F79B500994AA7 /* 9_of_spades.png in Resources */ = {isa = PBXBuildFile; fileRef = FD7143DC2A3F79B400994AA7 /* 9_of_spades.png */; };
		FD7144202A3F79B500994AA7 /* 5_of_diamonds.png in Resources */ = {isa = PBXBuildFile; fileRef = FD7143DD2A3F79B400994AA7 /* 5_of_diamonds.png */; };
		FD7144212A3F79B500994AA7 /* jack_of_hearts2.png in Resources */ = {isa = PBXBuildFile; fileRef = FD7143DE2A3F79B400994AA7 /* jack_of_hearts2.png */; };
		FD7144222A3F79B500994AA7 /* king_of_diamonds2.png in Resources */ = {isa = PBXBuildFile; fileRef = FD7143DF2A3F79B500994AA7 /* king_of_diamonds2.png */; };
		FD7144232A3F79B500994AA7 /* king_of_spades2.png in Resources */ = {isa = PBXBuildFile; fileRef = FD7143E02A3F79B500994AA7 /* king_of_spades2.png */; };
		FD7144242A3F79B500994AA7 /* jack_of_spades.png in Resources */ = {isa = PBXBuildFile; fileRef = FD7143E12A3F79B500994AA7 /* jack_of_spades.png */; };
		FD7144252A3F79B500994AA7 /* ace_of_clubs.png in Resources */ = {isa = PBXBuildFile; fileRef = FD7143E22A3F79B500994AA7 /* ace_of_clubs.png */; };
		FD7144262A3F79B500994AA7 /* 6_of_spades.png in Resources */ = {isa = PBXBuildFile; fileRef = FD7143E32A3F79B500994AA7 /* 6_of_spades.png */; };
		FD7144272A3F79B500994AA7 /* king_of_hearts2.png in Resources */ = {isa = PBXBuildFile; fileRef = FD7143E42A3F79B500994AA7 /* king_of_hearts2.png */; };
		FD7144282A3F79B500994AA7 /* 4_of_hearts.png in Resources */ = {isa = PBXBuildFile; fileRef = FD7143E52A3F79B500994AA7 /* 4_of_hearts.png */; };
		FD7144292A3F79B500994AA7 /* 10_of_spades.png in Resources */ = {isa = PBXBuildFile; fileRef = FD7143E62A3F79B500994AA7 /* 10_of_spades.png */; };
		FD71442A2A3F79B500994AA7 /* 2_of_clubs.png in Resources */ = {isa = PBXBuildFile; fileRef = FD7143E72A3F79B500994AA7 /* 2_of_clubs.png */; };
		FD71442B2A3F79B500994AA7 /* 9_of_clubs.png in Resources */ = {isa = PBXBuildFile; fileRef = FD7143E82A3F79B500994AA7 /* 9_of_clubs.png */; };
		FD71442C2A3F79B500994AA7 /* jack_of_hearts.png in Resources */ = {isa = PBXBuildFile; fileRef = FD7143E92A3F79B500994AA7 /* jack_of_hearts.png */; };
		FD71442D2A3F79B500994AA7 /* 9_of_diamonds.png in Resources */ = {isa = PBXBuildFile; fileRef = FD7143EA2A3F79B500994AA7 /* 9_of_diamonds.png */; };
		FD71442E2A3F79B500994AA7 /* queen_of_clubs2.png in Resources */ = {isa = PBXBuildFile; fileRef = FD7143EB2A3F79B500994AA7 /* queen_of_clubs2.png */; };
		FD7144362A3F7D2E00994AA7 /* folded_card.png in Resources */ = {isa = PBXBuildFile; fileRef = FD7144352A3F7D2E00994AA7 /* folded_card.png */; };
/* End PBXBuildFile section */

/* Begin PBXFileReference section */
		FD7143912A3F5D9000994AA7 /* LocationGame_ios.app */ = {isa = PBXFileReference; explicitFileType = wrapper.application; includeInIndex = 0; path = LocationGame_ios.app; sourceTree = BUILT_PRODUCTS_DIR; };
		FD7143942A3F5D9000994AA7 /* AppDelegate.swift */ = {isa = PBXFileReference; lastKnownFileType = sourcecode.swift; path = AppDelegate.swift; sourceTree = "<group>"; };
		FD7143962A3F5D9000994AA7 /* SceneDelegate.swift */ = {isa = PBXFileReference; lastKnownFileType = sourcecode.swift; path = SceneDelegate.swift; sourceTree = "<group>"; };
		FD7143982A3F5D9000994AA7 /* ViewController.swift */ = {isa = PBXFileReference; lastKnownFileType = sourcecode.swift; path = ViewController.swift; sourceTree = "<group>"; };
		FD71439B2A3F5D9000994AA7 /* Base */ = {isa = PBXFileReference; lastKnownFileType = file.storyboard; name = Base; path = Base.lproj/Main.storyboard; sourceTree = "<group>"; };
		FD71439D2A3F5D9100994AA7 /* Assets.xcassets */ = {isa = PBXFileReference; lastKnownFileType = folder.assetcatalog; path = Assets.xcassets; sourceTree = "<group>"; };
		FD7143A02A3F5D9100994AA7 /* Base */ = {isa = PBXFileReference; lastKnownFileType = file.storyboard; name = Base; path = Base.lproj/LaunchScreen.storyboard; sourceTree = "<group>"; };
		FD7143A22A3F5D9100994AA7 /* Info.plist */ = {isa = PBXFileReference; lastKnownFileType = text.plist.xml; path = Info.plist; sourceTree = "<group>"; };
		FD7143A92A3F79B300994AA7 /* 10_of_hearts.png */ = {isa = PBXFileReference; lastKnownFileType = image.png; path = 10_of_hearts.png; sourceTree = "<group>"; };
		FD7143AA2A3F79B300994AA7 /* 6_of_clubs.png */ = {isa = PBXFileReference; lastKnownFileType = image.png; path = 6_of_clubs.png; sourceTree = "<group>"; };
		FD7143AB2A3F79B300994AA7 /* jack_of_diamonds.png */ = {isa = PBXFileReference; lastKnownFileType = image.png; path = jack_of_diamonds.png; sourceTree = "<group>"; };
		FD7143AC2A3F79B400994AA7 /* 3_of_diamonds.png */ = {isa = PBXFileReference; lastKnownFileType = image.png; path = 3_of_diamonds.png; sourceTree = "<group>"; };
		FD7143AD2A3F79B400994AA7 /* ace_of_hearts.png */ = {isa = PBXFileReference; lastKnownFileType = image.png; path = ace_of_hearts.png; sourceTree = "<group>"; };
		FD7143AE2A3F79B400994AA7 /* queen_of_diamonds2.png */ = {isa = PBXFileReference; lastKnownFileType = image.png; path = queen_of_diamonds2.png; sourceTree = "<group>"; };
		FD7143AF2A3F79B400994AA7 /* jack_of_spades2.png */ = {isa = PBXFileReference; lastKnownFileType = image.png; path = jack_of_spades2.png; sourceTree = "<group>"; };
		FD7143B02A3F79B400994AA7 /* 5_of_spades.png */ = {isa = PBXFileReference; lastKnownFileType = image.png; path = 5_of_spades.png; sourceTree = "<group>"; };
		FD7143B12A3F79B400994AA7 /* 4_of_clubs.png */ = {isa = PBXFileReference; lastKnownFileType = image.png; path = 4_of_clubs.png; sourceTree = "<group>"; };
		FD7143B22A3F79B400994AA7 /* queen_of_spades.png */ = {isa = PBXFileReference; lastKnownFileType = image.png; path = queen_of_spades.png; sourceTree = "<group>"; };
		FD7143B32A3F79B400994AA7 /* king_of_hearts.png */ = {isa = PBXFileReference; lastKnownFileType = image.png; path = king_of_hearts.png; sourceTree = "<group>"; };
		FD7143B42A3F79B400994AA7 /* ace_of_diamonds.png */ = {isa = PBXFileReference; lastKnownFileType = image.png; path = ace_of_diamonds.png; sourceTree = "<group>"; };
		FD7143B52A3F79B400994AA7 /* 6_of_diamonds.png */ = {isa = PBXFileReference; lastKnownFileType = image.png; path = 6_of_diamonds.png; sourceTree = "<group>"; };
		FD7143B62A3F79B400994AA7 /* 7_of_clubs.png */ = {isa = PBXFileReference; lastKnownFileType = image.png; path = 7_of_clubs.png; sourceTree = "<group>"; };
		FD7143B72A3F79B400994AA7 /* 5_of_clubs.png */ = {isa = PBXFileReference; lastKnownFileType = image.png; path = 5_of_clubs.png; sourceTree = "<group>"; };
		FD7143B82A3F79B400994AA7 /* king_of_spades.png */ = {isa = PBXFileReference; lastKnownFileType = image.png; path = king_of_spades.png; sourceTree = "<group>"; };
		FD7143B92A3F79B400994AA7 /* queen_of_diamonds.png */ = {isa = PBXFileReference; lastKnownFileType = image.png; path = queen_of_diamonds.png; sourceTree = "<group>"; };
		FD7143BA2A3F79B400994AA7 /* 7_of_spades.png */ = {isa = PBXFileReference; lastKnownFileType = image.png; path = 7_of_spades.png; sourceTree = "<group>"; };
		FD7143BB2A3F79B400994AA7 /* king_of_clubs2.png */ = {isa = PBXFileReference; lastKnownFileType = image.png; path = king_of_clubs2.png; sourceTree = "<group>"; };
		FD7143BC2A3F79B400994AA7 /* jack_of_clubs.png */ = {isa = PBXFileReference; lastKnownFileType = image.png; path = jack_of_clubs.png; sourceTree = "<group>"; };
		FD7143BD2A3F79B400994AA7 /* 4_of_diamonds.png */ = {isa = PBXFileReference; lastKnownFileType = image.png; path = 4_of_diamonds.png; sourceTree = "<group>"; };
		FD7143BE2A3F79B400994AA7 /* 8_of_diamonds.png */ = {isa = PBXFileReference; lastKnownFileType = image.png; path = 8_of_diamonds.png; sourceTree = "<group>"; };
		FD7143BF2A3F79B400994AA7 /* 7_of_hearts.png */ = {isa = PBXFileReference; lastKnownFileType = image.png; path = 7_of_hearts.png; sourceTree = "<group>"; };
		FD7143C02A3F79B400994AA7 /* queen_of_hearts2.png */ = {isa = PBXFileReference; lastKnownFileType = image.png; path = queen_of_hearts2.png; sourceTree = "<group>"; };
		FD7143C12A3F79B400994AA7 /* red_joker.png */ = {isa = PBXFileReference; lastKnownFileType = image.png; path = red_joker.png; sourceTree = "<group>"; };
		FD7143C22A3F79B400994AA7 /* 8_of_hearts.png */ = {isa = PBXFileReference; lastKnownFileType = image.png; path = 8_of_hearts.png; sourceTree = "<group>"; };
		FD7143C32A3F79B400994AA7 /* queen_of_clubs.png */ = {isa = PBXFileReference; lastKnownFileType = image.png; path = queen_of_clubs.png; sourceTree = "<group>"; };
		FD7143C42A3F79B400994AA7 /* 10_of_diamonds.png */ = {isa = PBXFileReference; lastKnownFileType = image.png; path = 10_of_diamonds.png; sourceTree = "<group>"; };
		FD7143C52A3F79B400994AA7 /* jack_of_diamonds2.png */ = {isa = PBXFileReference; lastKnownFileType = image.png; path = jack_of_diamonds2.png; sourceTree = "<group>"; };
		FD7143C62A3F79B400994AA7 /* 3_of_hearts.png */ = {isa = PBXFileReference; lastKnownFileType = image.png; path = 3_of_hearts.png; sourceTree = "<group>"; };
		FD7143C72A3F79B400994AA7 /* ace_of_spades2.png */ = {isa = PBXFileReference; lastKnownFileType = image.png; path = ace_of_spades2.png; sourceTree = "<group>"; };
		FD7143C82A3F79B400994AA7 /* 3_of_spades.png */ = {isa = PBXFileReference; lastKnownFileType = image.png; path = 3_of_spades.png; sourceTree = "<group>"; };
		FD7143C92A3F79B400994AA7 /* king_of_clubs.png */ = {isa = PBXFileReference; lastKnownFileType = image.png; path = king_of_clubs.png; sourceTree = "<group>"; };
		FD7143CA2A3F79B400994AA7 /* black_joker.png */ = {isa = PBXFileReference; lastKnownFileType = image.png; path = black_joker.png; sourceTree = "<group>"; };
		FD7143CB2A3F79B400994AA7 /* queen_of_hearts.png */ = {isa = PBXFileReference; lastKnownFileType = image.png; path = queen_of_hearts.png; sourceTree = "<group>"; };
		FD7143CC2A3F79B400994AA7 /* 2_of_spades.png */ = {isa = PBXFileReference; lastKnownFileType = image.png; path = 2_of_spades.png; sourceTree = "<group>"; };
		FD7143CD2A3F79B400994AA7 /* 10_of_clubs.png */ = {isa = PBXFileReference; lastKnownFileType = image.png; path = 10_of_clubs.png; sourceTree = "<group>"; };
		FD7143CE2A3F79B400994AA7 /* 7_of_diamonds.png */ = {isa = PBXFileReference; lastKnownFileType = image.png; path = 7_of_diamonds.png; sourceTree = "<group>"; };
		FD7143CF2A3F79B400994AA7 /* ace_of_spades.png */ = {isa = PBXFileReference; lastKnownFileType = image.png; path = ace_of_spades.png; sourceTree = "<group>"; };
		FD7143D02A3F79B400994AA7 /* king_of_diamonds.png */ = {isa = PBXFileReference; lastKnownFileType = image.png; path = king_of_diamonds.png; sourceTree = "<group>"; };
		FD7143D12A3F79B400994AA7 /* 2_of_hearts.png */ = {isa = PBXFileReference; lastKnownFileType = image.png; path = 2_of_hearts.png; sourceTree = "<group>"; };
		FD7143D22A3F79B400994AA7 /* 5_of_hearts.png */ = {isa = PBXFileReference; lastKnownFileType = image.png; path = 5_of_hearts.png; sourceTree = "<group>"; };
		FD7143D32A3F79B400994AA7 /* 9_of_hearts.png */ = {isa = PBXFileReference; lastKnownFileType = image.png; path = 9_of_hearts.png; sourceTree = "<group>"; };
		FD7143D42A3F79B400994AA7 /* queen_of_spades2.png */ = {isa = PBXFileReference; lastKnownFileType = image.png; path = queen_of_spades2.png; sourceTree = "<group>"; };
		FD7143D52A3F79B400994AA7 /* 8_of_clubs.png */ = {isa = PBXFileReference; lastKnownFileType = image.png; path = 8_of_clubs.png; sourceTree = "<group>"; };
		FD7143D62A3F79B400994AA7 /* 6_of_hearts.png */ = {isa = PBXFileReference; lastKnownFileType = image.png; path = 6_of_hearts.png; sourceTree = "<group>"; };
		FD7143D72A3F79B400994AA7 /* 8_of_spades.png */ = {isa = PBXFileReference; lastKnownFileType = image.png; path = 8_of_spades.png; sourceTree = "<group>"; };
		FD7143D82A3F79B400994AA7 /* 2_of_diamonds.png */ = {isa = PBXFileReference; lastKnownFileType = image.png; path = 2_of_diamonds.png; sourceTree = "<group>"; };
		FD7143D92A3F79B400994AA7 /* 4_of_spades.png */ = {isa = PBXFileReference; lastKnownFileType = image.png; path = 4_of_spades.png; sourceTree = "<group>"; };
		FD7143DA2A3F79B400994AA7 /* jack_of_clubs2.png */ = {isa = PBXFileReference; lastKnownFileType = image.png; path = jack_of_clubs2.png; sourceTree = "<group>"; };
		FD7143DB2A3F79B400994AA7 /* 3_of_clubs.png */ = {isa = PBXFileReference; lastKnownFileType = image.png; path = 3_of_clubs.png; sourceTree = "<group>"; };
		FD7143DC2A3F79B400994AA7 /* 9_of_spades.png */ = {isa = PBXFileReference; lastKnownFileType = image.png; path = 9_of_spades.png; sourceTree = "<group>"; };
		FD7143DD2A3F79B400994AA7 /* 5_of_diamonds.png */ = {isa = PBXFileReference; lastKnownFileType = image.png; path = 5_of_diamonds.png; sourceTree = "<group>"; };
		FD7143DE2A3F79B400994AA7 /* jack_of_hearts2.png */ = {isa = PBXFileReference; lastKnownFileType = image.png; path = jack_of_hearts2.png; sourceTree = "<group>"; };
		FD7143DF2A3F79B500994AA7 /* king_of_diamonds2.png */ = {isa = PBXFileReference; lastKnownFileType = image.png; path = king_of_diamonds2.png; sourceTree = "<group>"; };
		FD7143E02A3F79B500994AA7 /* king_of_spades2.png */ = {isa = PBXFileReference; lastKnownFileType = image.png; path = king_of_spades2.png; sourceTree = "<group>"; };
		FD7143E12A3F79B500994AA7 /* jack_of_spades.png */ = {isa = PBXFileReference; lastKnownFileType = image.png; path = jack_of_spades.png; sourceTree = "<group>"; };
		FD7143E22A3F79B500994AA7 /* ace_of_clubs.png */ = {isa = PBXFileReference; lastKnownFileType = image.png; path = ace_of_clubs.png; sourceTree = "<group>"; };
		FD7143E32A3F79B500994AA7 /* 6_of_spades.png */ = {isa = PBXFileReference; lastKnownFileType = image.png; path = 6_of_spades.png; sourceTree = "<group>"; };
		FD7143E42A3F79B500994AA7 /* king_of_hearts2.png */ = {isa = PBXFileReference; lastKnownFileType = image.png; path = king_of_hearts2.png; sourceTree = "<group>"; };
		FD7143E52A3F79B500994AA7 /* 4_of_hearts.png */ = {isa = PBXFileReference; lastKnownFileType = image.png; path = 4_of_hearts.png; sourceTree = "<group>"; };
		FD7143E62A3F79B500994AA7 /* 10_of_spades.png */ = {isa = PBXFileReference; lastKnownFileType = image.png; path = 10_of_spades.png; sourceTree = "<group>"; };
		FD7143E72A3F79B500994AA7 /* 2_of_clubs.png */ = {isa = PBXFileReference; lastKnownFileType = image.png; path = 2_of_clubs.png; sourceTree = "<group>"; };
		FD7143E82A3F79B500994AA7 /* 9_of_clubs.png */ = {isa = PBXFileReference; lastKnownFileType = image.png; path = 9_of_clubs.png; sourceTree = "<group>"; };
		FD7143E92A3F79B500994AA7 /* jack_of_hearts.png */ = {isa = PBXFileReference; lastKnownFileType = image.png; path = jack_of_hearts.png; sourceTree = "<group>"; };
		FD7143EA2A3F79B500994AA7 /* 9_of_diamonds.png */ = {isa = PBXFileReference; lastKnownFileType = image.png; path = 9_of_diamonds.png; sourceTree = "<group>"; };
		FD7143EB2A3F79B500994AA7 /* queen_of_clubs2.png */ = {isa = PBXFileReference; lastKnownFileType = image.png; path = queen_of_clubs2.png; sourceTree = "<group>"; };
		FD7144352A3F7D2E00994AA7 /* folded_card.png */ = {isa = PBXFileReference; lastKnownFileType = image.png; path = folded_card.png; sourceTree = "<group>"; };
/* End PBXFileReference section */

/* Begin PBXFrameworksBuildPhase section */
		FD71438E2A3F5D9000994AA7 /* Frameworks */ = {
			isa = PBXFrameworksBuildPhase;
			buildActionMask = 2147483647;
			files = (
			);
			runOnlyForDeploymentPostprocessing = 0;
		};
/* End PBXFrameworksBuildPhase section */

/* Begin PBXGroup section */
		FD7143882A3F5D9000994AA7 = {
			isa = PBXGroup;
			children = (
				FD7143932A3F5D9000994AA7 /* LocationGame_ios */,
				FD7143922A3F5D9000994AA7 /* Products */,
			);
			sourceTree = "<group>";
		};
		FD7143922A3F5D9000994AA7 /* Products */ = {
			isa = PBXGroup;
			children = (
				FD7143912A3F5D9000994AA7 /* LocationGame_ios.app */,
			);
			name = Products;
			sourceTree = "<group>";
		};
		FD7143932A3F5D9000994AA7 /* LocationGame_ios */ = {
			isa = PBXGroup;
			children = (
				FD7143A82A3F796100994AA7 /* CardsDeck */,
				FD7143942A3F5D9000994AA7 /* AppDelegate.swift */,
				FD7143962A3F5D9000994AA7 /* SceneDelegate.swift */,
				FD7143982A3F5D9000994AA7 /* ViewController.swift */,
				FD71439A2A3F5D9000994AA7 /* Main.storyboard */,
				FD71439D2A3F5D9100994AA7 /* Assets.xcassets */,
				FD71439F2A3F5D9100994AA7 /* LaunchScreen.storyboard */,
				FD7143A22A3F5D9100994AA7 /* Info.plist */,
			);
			path = LocationGame_ios;
			sourceTree = "<group>";
		};
		FD7143A82A3F796100994AA7 /* CardsDeck */ = {
			isa = PBXGroup;
			children = (
				FD7144352A3F7D2E00994AA7 /* folded_card.png */,
				FD7143E72A3F79B500994AA7 /* 2_of_clubs.png */,
				FD7143D82A3F79B400994AA7 /* 2_of_diamonds.png */,
				FD7143D12A3F79B400994AA7 /* 2_of_hearts.png */,
				FD7143CC2A3F79B400994AA7 /* 2_of_spades.png */,
				FD7143DB2A3F79B400994AA7 /* 3_of_clubs.png */,
				FD7143AC2A3F79B400994AA7 /* 3_of_diamonds.png */,
				FD7143C62A3F79B400994AA7 /* 3_of_hearts.png */,
				FD7143C82A3F79B400994AA7 /* 3_of_spades.png */,
				FD7143B12A3F79B400994AA7 /* 4_of_clubs.png */,
				FD7143BD2A3F79B400994AA7 /* 4_of_diamonds.png */,
				FD7143E52A3F79B500994AA7 /* 4_of_hearts.png */,
				FD7143D92A3F79B400994AA7 /* 4_of_spades.png */,
				FD7143B72A3F79B400994AA7 /* 5_of_clubs.png */,
				FD7143DD2A3F79B400994AA7 /* 5_of_diamonds.png */,
				FD7143D22A3F79B400994AA7 /* 5_of_hearts.png */,
				FD7143B02A3F79B400994AA7 /* 5_of_spades.png */,
				FD7143AA2A3F79B300994AA7 /* 6_of_clubs.png */,
				FD7143B52A3F79B400994AA7 /* 6_of_diamonds.png */,
				FD7143D62A3F79B400994AA7 /* 6_of_hearts.png */,
				FD7143E32A3F79B500994AA7 /* 6_of_spades.png */,
				FD7143B62A3F79B400994AA7 /* 7_of_clubs.png */,
				FD7143CE2A3F79B400994AA7 /* 7_of_diamonds.png */,
				FD7143BF2A3F79B400994AA7 /* 7_of_hearts.png */,
				FD7143BA2A3F79B400994AA7 /* 7_of_spades.png */,
				FD7143D52A3F79B400994AA7 /* 8_of_clubs.png */,
				FD7143BE2A3F79B400994AA7 /* 8_of_diamonds.png */,
				FD7143C22A3F79B400994AA7 /* 8_of_hearts.png */,
				FD7143D72A3F79B400994AA7 /* 8_of_spades.png */,
				FD7143E82A3F79B500994AA7 /* 9_of_clubs.png */,
				FD7143EA2A3F79B500994AA7 /* 9_of_diamonds.png */,
				FD7143D32A3F79B400994AA7 /* 9_of_hearts.png */,
				FD7143DC2A3F79B400994AA7 /* 9_of_spades.png */,
				FD7143CD2A3F79B400994AA7 /* 10_of_clubs.png */,
				FD7143C42A3F79B400994AA7 /* 10_of_diamonds.png */,
				FD7143A92A3F79B300994AA7 /* 10_of_hearts.png */,
				FD7143E62A3F79B500994AA7 /* 10_of_spades.png */,
				FD7143E22A3F79B500994AA7 /* ace_of_clubs.png */,
				FD7143B42A3F79B400994AA7 /* ace_of_diamonds.png */,
				FD7143AD2A3F79B400994AA7 /* ace_of_hearts.png */,
				FD7143CF2A3F79B400994AA7 /* ace_of_spades.png */,
				FD7143C72A3F79B400994AA7 /* ace_of_spades2.png */,
				FD7143CA2A3F79B400994AA7 /* black_joker.png */,
				FD7143BC2A3F79B400994AA7 /* jack_of_clubs.png */,
				FD7143DA2A3F79B400994AA7 /* jack_of_clubs2.png */,
				FD7143AB2A3F79B300994AA7 /* jack_of_diamonds.png */,
				FD7143C52A3F79B400994AA7 /* jack_of_diamonds2.png */,
				FD7143E92A3F79B500994AA7 /* jack_of_hearts.png */,
				FD7143DE2A3F79B400994AA7 /* jack_of_hearts2.png */,
				FD7143E12A3F79B500994AA7 /* jack_of_spades.png */,
				FD7143AF2A3F79B400994AA7 /* jack_of_spades2.png */,
				FD7143C92A3F79B400994AA7 /* king_of_clubs.png */,
				FD7143BB2A3F79B400994AA7 /* king_of_clubs2.png */,
				FD7143D02A3F79B400994AA7 /* king_of_diamonds.png */,
				FD7143DF2A3F79B500994AA7 /* king_of_diamonds2.png */,
				FD7143B32A3F79B400994AA7 /* king_of_hearts.png */,
				FD7143E42A3F79B500994AA7 /* king_of_hearts2.png */,
				FD7143B82A3F79B400994AA7 /* king_of_spades.png */,
				FD7143E02A3F79B500994AA7 /* king_of_spades2.png */,
				FD7143C32A3F79B400994AA7 /* queen_of_clubs.png */,
				FD7143EB2A3F79B500994AA7 /* queen_of_clubs2.png */,
				FD7143B92A3F79B400994AA7 /* queen_of_diamonds.png */,
				FD7143AE2A3F79B400994AA7 /* queen_of_diamonds2.png */,
				FD7143CB2A3F79B400994AA7 /* queen_of_hearts.png */,
				FD7143C02A3F79B400994AA7 /* queen_of_hearts2.png */,
				FD7143B22A3F79B400994AA7 /* queen_of_spades.png */,
				FD7143D42A3F79B400994AA7 /* queen_of_spades2.png */,
				FD7143C12A3F79B400994AA7 /* red_joker.png */,
			);
			path = CardsDeck;
			sourceTree = "<group>";
		};
/* End PBXGroup section */

/* Begin PBXNativeTarget section */
		FD7143902A3F5D9000994AA7 /* LocationGame_ios */ = {
			isa = PBXNativeTarget;
			buildConfigurationList = FD7143A52A3F5D9100994AA7 /* Build configuration list for PBXNativeTarget "LocationGame_ios" */;
			buildPhases = (
				FD71438D2A3F5D9000994AA7 /* Sources */,
				FD71438E2A3F5D9000994AA7 /* Frameworks */,
				FD71438F2A3F5D9000994AA7 /* Resources */,
			);
			buildRules = (
			);
			dependencies = (
			);
			name = LocationGame_ios;
			productName = LocationGame_ios;
			productReference = FD7143912A3F5D9000994AA7 /* LocationGame_ios.app */;
			productType = "com.apple.product-type.application";
		};
/* End PBXNativeTarget section */

/* Begin PBXProject section */
		FD7143892A3F5D9000994AA7 /* Project object */ = {
			isa = PBXProject;
			attributes = {
				BuildIndependentTargetsInParallel = 1;
				LastSwiftUpdateCheck = 1430;
				LastUpgradeCheck = 1430;
				TargetAttributes = {
					FD7143902A3F5D9000994AA7 = {
						CreatedOnToolsVersion = 14.3;
					};
				};
			};
			buildConfigurationList = FD71438C2A3F5D9000994AA7 /* Build configuration list for PBXProject "LocationGame_ios" */;
			compatibilityVersion = "Xcode 14.0";
			developmentRegion = en;
			hasScannedForEncodings = 0;
			knownRegions = (
				en,
				Base,
			);
			mainGroup = FD7143882A3F5D9000994AA7;
			productRefGroup = FD7143922A3F5D9000994AA7 /* Products */;
			projectDirPath = "";
			projectRoot = "";
			targets = (
				FD7143902A3F5D9000994AA7 /* LocationGame_ios */,
			);
		};
/* End PBXProject section */

/* Begin PBXResourcesBuildPhase section */
		FD71438F2A3F5D9000994AA7 /* Resources */ = {
			isa = PBXResourcesBuildPhase;
			buildActionMask = 2147483647;
			files = (
				FD7143FB2A3F79B500994AA7 /* king_of_spades.png in Resources */,
				FD71440C2A3F79B500994AA7 /* king_of_clubs.png in Resources */,
				FD7143EE2A3F79B500994AA7 /* jack_of_diamonds.png in Resources */,
				FD7143EF2A3F79B500994AA7 /* 3_of_diamonds.png in Resources */,
				FD71441E2A3F79B500994AA7 /* 3_of_clubs.png in Resources */,
				FD71440B2A3F79B500994AA7 /* 3_of_spades.png in Resources */,
				FD71442E2A3F79B500994AA7 /* queen_of_clubs2.png in Resources */,
				FD7144192A3F79B500994AA7 /* 6_of_hearts.png in Resources */,
				FD7144272A3F79B500994AA7 /* king_of_hearts2.png in Resources */,
				FD7144182A3F79B500994AA7 /* 8_of_clubs.png in Resources */,
				FD7143ED2A3F79B500994AA7 /* 6_of_clubs.png in Resources */,
				FD71440D2A3F79B500994AA7 /* black_joker.png in Resources */,
				FD7143A12A3F5D9100994AA7 /* LaunchScreen.storyboard in Resources */,
				FD7144222A3F79B500994AA7 /* king_of_diamonds2.png in Resources */,
				FD71439E2A3F5D9100994AA7 /* Assets.xcassets in Resources */,
				FD7144262A3F79B500994AA7 /* 6_of_spades.png in Resources */,
				FD7143FE2A3F79B500994AA7 /* king_of_clubs2.png in Resources */,
				FD7144282A3F79B500994AA7 /* 4_of_hearts.png in Resources */,
				FD7144142A3F79B500994AA7 /* 2_of_hearts.png in Resources */,
				FD7143F52A3F79B500994AA7 /* queen_of_spades.png in Resources */,
				FD7143F12A3F79B500994AA7 /* queen_of_diamonds2.png in Resources */,
				FD7144242A3F79B500994AA7 /* jack_of_spades.png in Resources */,
				FD7143FC2A3F79B500994AA7 /* queen_of_diamonds.png in Resources */,
				FD7143F92A3F79B500994AA7 /* 7_of_clubs.png in Resources */,
				FD71442B2A3F79B500994AA7 /* 9_of_clubs.png in Resources */,
				FD7144012A3F79B500994AA7 /* 8_of_diamonds.png in Resources */,
				FD7144292A3F79B500994AA7 /* 10_of_spades.png in Resources */,
				FD7143F72A3F79B500994AA7 /* ace_of_diamonds.png in Resources */,
				FD7144052A3F79B500994AA7 /* 8_of_hearts.png in Resources */,
				FD71441B2A3F79B500994AA7 /* 2_of_diamonds.png in Resources */,
				FD71441C2A3F79B500994AA7 /* 4_of_spades.png in Resources */,
				FD7144022A3F79B500994AA7 /* 7_of_hearts.png in Resources */,
				FD7144362A3F7D2E00994AA7 /* folded_card.png in Resources */,
				FD7144152A3F79B500994AA7 /* 5_of_hearts.png in Resources */,
				FD7144032A3F79B500994AA7 /* queen_of_hearts2.png in Resources */,
				FD71441D2A3F79B500994AA7 /* jack_of_clubs2.png in Resources */,
				FD7144202A3F79B500994AA7 /* 5_of_diamonds.png in Resources */,
				FD7144132A3F79B500994AA7 /* king_of_diamonds.png in Resources */,
				FD7143F32A3F79B500994AA7 /* 5_of_spades.png in Resources */,
				FD7144062A3F79B500994AA7 /* queen_of_clubs.png in Resources */,
				FD7143F62A3F79B500994AA7 /* king_of_hearts.png in Resources */,
				FD7143EC2A3F79B500994AA7 /* 10_of_hearts.png in Resources */,
				FD7144232A3F79B500994AA7 /* king_of_spades2.png in Resources */,
				FD7144212A3F79B500994AA7 /* jack_of_hearts2.png in Resources */,
				FD7144102A3F79B500994AA7 /* 10_of_clubs.png in Resources */,
				FD71441A2A3F79B500994AA7 /* 8_of_spades.png in Resources */,
				FD7143FA2A3F79B500994AA7 /* 5_of_clubs.png in Resources */,
				FD7144082A3F79B500994AA7 /* jack_of_diamonds2.png in Resources */,
				FD7144122A3F79B500994AA7 /* ace_of_spades.png in Resources */,
				FD7144092A3F79B500994AA7 /* 3_of_hearts.png in Resources */,
				FD71439C2A3F5D9000994AA7 /* Main.storyboard in Resources */,
				FD7143F82A3F79B500994AA7 /* 6_of_diamonds.png in Resources */,
				FD7144042A3F79B500994AA7 /* red_joker.png in Resources */,
				FD7144172A3F79B500994AA7 /* queen_of_spades2.png in Resources */,
				FD7144002A3F79B500994AA7 /* 4_of_diamonds.png in Resources */,
				FD7144072A3F79B500994AA7 /* 10_of_diamonds.png in Resources */,
				FD7143F42A3F79B500994AA7 /* 4_of_clubs.png in Resources */,
				FD7144252A3F79B500994AA7 /* ace_of_clubs.png in Resources */,
				FD7143FF2A3F79B500994AA7 /* jack_of_clubs.png in Resources */,
				FD71440F2A3F79B500994AA7 /* 2_of_spades.png in Resources */,
				FD7143F22A3F79B500994AA7 /* jack_of_spades2.png in Resources */,
				FD71440E2A3F79B500994AA7 /* queen_of_hearts.png in Resources */,
				FD7143FD2A3F79B500994AA7 /* 7_of_spades.png in Resources */,
				FD7143F02A3F79B500994AA7 /* ace_of_hearts.png in Resources */,
				FD71442A2A3F79B500994AA7 /* 2_of_clubs.png in Resources */,
				FD7144162A3F79B500994AA7 /* 9_of_hearts.png in Resources */,
				FD71442C2A3F79B500994AA7 /* jack_of_hearts.png in Resources */,
				FD71440A2A3F79B500994AA7 /* ace_of_spades2.png in Resources */,
				FD7144112A3F79B500994AA7 /* 7_of_diamonds.png in Resources */,
				FD71441F2A3F79B500994AA7 /* 9_of_spades.png in Resources */,
				FD71442D2A3F79B500994AA7 /* 9_of_diamonds.png in Resources */,
			);
			runOnlyForDeploymentPostprocessing = 0;
		};
/* End PBXResourcesBuildPhase section */

/* Begin PBXSourcesBuildPhase section */
		FD71438D2A3F5D9000994AA7 /* Sources */ = {
			isa = PBXSourcesBuildPhase;
			buildActionMask = 2147483647;
			files = (
				FD7143992A3F5D9000994AA7 /* ViewController.swift in Sources */,
				FD7143952A3F5D9000994AA7 /* AppDelegate.swift in Sources */,
				FD7143972A3F5D9000994AA7 /* SceneDelegate.swift in Sources */,
			);
			runOnlyForDeploymentPostprocessing = 0;
		};
/* End PBXSourcesBuildPhase section */

/* Begin PBXVariantGroup section */
		FD71439A2A3F5D9000994AA7 /* Main.storyboard */ = {
			isa = PBXVariantGroup;
			children = (
				FD71439B2A3F5D9000994AA7 /* Base */,
			);
			name = Main.storyboard;
			sourceTree = "<group>";
		};
		FD71439F2A3F5D9100994AA7 /* LaunchScreen.storyboard */ = {
			isa = PBXVariantGroup;
			children = (
				FD7143A02A3F5D9100994AA7 /* Base */,
			);
			name = LaunchScreen.storyboard;
			sourceTree = "<group>";
		};
/* End PBXVariantGroup section */

/* Begin XCBuildConfiguration section */
		FD7143A32A3F5D9100994AA7 /* Debug */ = {
			isa = XCBuildConfiguration;
			buildSettings = {
				ALWAYS_SEARCH_USER_PATHS = NO;
				CLANG_ANALYZER_NONNULL = YES;
				CLANG_ANALYZER_NUMBER_OBJECT_CONVERSION = YES_AGGRESSIVE;
				CLANG_CXX_LANGUAGE_STANDARD = "gnu++20";
				CLANG_ENABLE_MODULES = YES;
				CLANG_ENABLE_OBJC_ARC = YES;
				CLANG_ENABLE_OBJC_WEAK = YES;
				CLANG_WARN_BLOCK_CAPTURE_AUTORELEASING = YES;
				CLANG_WARN_BOOL_CONVERSION = YES;
				CLANG_WARN_COMMA = YES;
				CLANG_WARN_CONSTANT_CONVERSION = YES;
				CLANG_WARN_DEPRECATED_OBJC_IMPLEMENTATIONS = YES;
				CLANG_WARN_DIRECT_OBJC_ISA_USAGE = YES_ERROR;
				CLANG_WARN_DOCUMENTATION_COMMENTS = YES;
				CLANG_WARN_EMPTY_BODY = YES;
				CLANG_WARN_ENUM_CONVERSION = YES;
				CLANG_WARN_INFINITE_RECURSION = YES;
				CLANG_WARN_INT_CONVERSION = YES;
				CLANG_WARN_NON_LITERAL_NULL_CONVERSION = YES;
				CLANG_WARN_OBJC_IMPLICIT_RETAIN_SELF = YES;
				CLANG_WARN_OBJC_LITERAL_CONVERSION = YES;
				CLANG_WARN_OBJC_ROOT_CLASS = YES_ERROR;
				CLANG_WARN_QUOTED_INCLUDE_IN_FRAMEWORK_HEADER = YES;
				CLANG_WARN_RANGE_LOOP_ANALYSIS = YES;
				CLANG_WARN_STRICT_PROTOTYPES = YES;
				CLANG_WARN_SUSPICIOUS_MOVE = YES;
				CLANG_WARN_UNGUARDED_AVAILABILITY = YES_AGGRESSIVE;
				CLANG_WARN_UNREACHABLE_CODE = YES;
				CLANG_WARN__DUPLICATE_METHOD_MATCH = YES;
				COPY_PHASE_STRIP = NO;
				DEBUG_INFORMATION_FORMAT = dwarf;
				ENABLE_STRICT_OBJC_MSGSEND = YES;
				ENABLE_TESTABILITY = YES;
				GCC_C_LANGUAGE_STANDARD = gnu11;
				GCC_DYNAMIC_NO_PIC = NO;
				GCC_NO_COMMON_BLOCKS = YES;
				GCC_OPTIMIZATION_LEVEL = 0;
				GCC_PREPROCESSOR_DEFINITIONS = (
					"DEBUG=1",
					"$(inherited)",
				);
				GCC_WARN_64_TO_32_BIT_CONVERSION = YES;
				GCC_WARN_ABOUT_RETURN_TYPE = YES_ERROR;
				GCC_WARN_UNDECLARED_SELECTOR = YES;
				GCC_WARN_UNINITIALIZED_AUTOS = YES_AGGRESSIVE;
				GCC_WARN_UNUSED_FUNCTION = YES;
				GCC_WARN_UNUSED_VARIABLE = YES;
				IPHONEOS_DEPLOYMENT_TARGET = 16.4;
				MTL_ENABLE_DEBUG_INFO = INCLUDE_SOURCE;
				MTL_FAST_MATH = YES;
				ONLY_ACTIVE_ARCH = YES;
				SDKROOT = iphoneos;
				SWIFT_ACTIVE_COMPILATION_CONDITIONS = DEBUG;
				SWIFT_OPTIMIZATION_LEVEL = "-Onone";
			};
			name = Debug;
		};
		FD7143A42A3F5D9100994AA7 /* Release */ = {
			isa = XCBuildConfiguration;
			buildSettings = {
				ALWAYS_SEARCH_USER_PATHS = NO;
				CLANG_ANALYZER_NONNULL = YES;
				CLANG_ANALYZER_NUMBER_OBJECT_CONVERSION = YES_AGGRESSIVE;
				CLANG_CXX_LANGUAGE_STANDARD = "gnu++20";
				CLANG_ENABLE_MODULES = YES;
				CLANG_ENABLE_OBJC_ARC = YES;
				CLANG_ENABLE_OBJC_WEAK = YES;
				CLANG_WARN_BLOCK_CAPTURE_AUTORELEASING = YES;
				CLANG_WARN_BOOL_CONVERSION = YES;
				CLANG_WARN_COMMA = YES;
				CLANG_WARN_CONSTANT_CONVERSION = YES;
				CLANG_WARN_DEPRECATED_OBJC_IMPLEMENTATIONS = YES;
				CLANG_WARN_DIRECT_OBJC_ISA_USAGE = YES_ERROR;
				CLANG_WARN_DOCUMENTATION_COMMENTS = YES;
				CLANG_WARN_EMPTY_BODY = YES;
				CLANG_WARN_ENUM_CONVERSION = YES;
				CLANG_WARN_INFINITE_RECURSION = YES;
				CLANG_WARN_INT_CONVERSION = YES;
				CLANG_WARN_NON_LITERAL_NULL_CONVERSION = YES;
				CLANG_WARN_OBJC_IMPLICIT_RETAIN_SELF = YES;
				CLANG_WARN_OBJC_LITERAL_CONVERSION = YES;
				CLANG_WARN_OBJC_ROOT_CLASS = YES_ERROR;
				CLANG_WARN_QUOTED_INCLUDE_IN_FRAMEWORK_HEADER = YES;
				CLANG_WARN_RANGE_LOOP_ANALYSIS = YES;
				CLANG_WARN_STRICT_PROTOTYPES = YES;
				CLANG_WARN_SUSPICIOUS_MOVE = YES;
				CLANG_WARN_UNGUARDED_AVAILABILITY = YES_AGGRESSIVE;
				CLANG_WARN_UNREACHABLE_CODE = YES;
				CLANG_WARN__DUPLICATE_METHOD_MATCH = YES;
				COPY_PHASE_STRIP = NO;
				DEBUG_INFORMATION_FORMAT = "dwarf-with-dsym";
				ENABLE_NS_ASSERTIONS = NO;
				ENABLE_STRICT_OBJC_MSGSEND = YES;
				GCC_C_LANGUAGE_STANDARD = gnu11;
				GCC_NO_COMMON_BLOCKS = YES;
				GCC_WARN_64_TO_32_BIT_CONVERSION = YES;
				GCC_WARN_ABOUT_RETURN_TYPE = YES_ERROR;
				GCC_WARN_UNDECLARED_SELECTOR = YES;
				GCC_WARN_UNINITIALIZED_AUTOS = YES_AGGRESSIVE;
				GCC_WARN_UNUSED_FUNCTION = YES;
				GCC_WARN_UNUSED_VARIABLE = YES;
				IPHONEOS_DEPLOYMENT_TARGET = 16.4;
				MTL_ENABLE_DEBUG_INFO = NO;
				MTL_FAST_MATH = YES;
				SDKROOT = iphoneos;
				SWIFT_COMPILATION_MODE = wholemodule;
				SWIFT_OPTIMIZATION_LEVEL = "-O";
				VALIDATE_PRODUCT = YES;
			};
			name = Release;
		};
		FD7143A62A3F5D9100994AA7 /* Debug */ = {
			isa = XCBuildConfiguration;
			buildSettings = {
				ASSETCATALOG_COMPILER_APPICON_NAME = AppIcon;
				ASSETCATALOG_COMPILER_GLOBAL_ACCENT_COLOR_NAME = AccentColor;
				CODE_SIGN_STYLE = Automatic;
				CURRENT_PROJECT_VERSION = 1;
				GENERATE_INFOPLIST_FILE = YES;
				INFOPLIST_FILE = LocationGame_ios/Info.plist;
				INFOPLIST_KEY_UIApplicationSupportsIndirectInputEvents = YES;
				INFOPLIST_KEY_UILaunchStoryboardName = LaunchScreen;
				INFOPLIST_KEY_UIMainStoryboardFile = Main;
				INFOPLIST_KEY_UISupportedInterfaceOrientations = "UIInterfaceOrientationLandscapeLeft UIInterfaceOrientationLandscapeRight";
				LD_RUNPATH_SEARCH_PATHS = (
					"$(inherited)",
					"@executable_path/Frameworks",
				);
				MARKETING_VERSION = 1.0;
				PRODUCT_BUNDLE_IDENTIFIER = "com.ronlu.LocationGame-ios";
				PRODUCT_NAME = "$(TARGET_NAME)";
				SUPPORTED_PLATFORMS = "iphoneos iphonesimulator";
				SUPPORTS_MACCATALYST = NO;
				SUPPORTS_MAC_DESIGNED_FOR_IPHONE_IPAD = NO;
				SWIFT_EMIT_LOC_STRINGS = YES;
				SWIFT_VERSION = 5.0;
				TARGETED_DEVICE_FAMILY = 1;
			};
			name = Debug;
		};
		FD7143A72A3F5D9100994AA7 /* Release */ = {
			isa = XCBuildConfiguration;
			buildSettings = {
				ASSETCATALOG_COMPILER_APPICON_NAME = AppIcon;
				ASSETCATALOG_COMPILER_GLOBAL_ACCENT_COLOR_NAME = AccentColor;
				CODE_SIGN_STYLE = Automatic;
				CURRENT_PROJECT_VERSION = 1;
				GENERATE_INFOPLIST_FILE = YES;
				INFOPLIST_FILE = LocationGame_ios/Info.plist;
				INFOPLIST_KEY_UIApplicationSupportsIndirectInputEvents = YES;
				INFOPLIST_KEY_UILaunchStoryboardName = LaunchScreen;
				INFOPLIST_KEY_UIMainStoryboardFile = Main;
				INFOPLIST_KEY_UISupportedInterfaceOrientations = "UIInterfaceOrientationLandscapeLeft UIInterfaceOrientationLandscapeRight";
				LD_RUNPATH_SEARCH_PATHS = (
					"$(inherited)",
					"@executable_path/Frameworks",
				);
				MARKETING_VERSION = 1.0;
				PRODUCT_BUNDLE_IDENTIFIER = "com.ronlu.LocationGame-ios";
				PRODUCT_NAME = "$(TARGET_NAME)";
				SUPPORTED_PLATFORMS = "iphoneos iphonesimulator";
				SUPPORTS_MACCATALYST = NO;
				SUPPORTS_MAC_DESIGNED_FOR_IPHONE_IPAD = NO;
				SWIFT_EMIT_LOC_STRINGS = YES;
				SWIFT_VERSION = 5.0;
				TARGETED_DEVICE_FAMILY = 1;
			};
			name = Release;
		};
/* End XCBuildConfiguration section */

/* Begin XCConfigurationList section */
		FD71438C2A3F5D9000994AA7 /* Build configuration list for PBXProject "LocationGame_ios" */ = {
			isa = XCConfigurationList;
			buildConfigurations = (
				FD7143A32A3F5D9100994AA7 /* Debug */,
				FD7143A42A3F5D9100994AA7 /* Release */,
			);
			defaultConfigurationIsVisible = 0;
			defaultConfigurationName = Release;
		};
		FD7143A52A3F5D9100994AA7 /* Build configuration list for PBXNativeTarget "LocationGame_ios" */ = {
			isa = XCConfigurationList;
			buildConfigurations = (
				FD7143A62A3F5D9100994AA7 /* Debug */,
				FD7143A72A3F5D9100994AA7 /* Release */,
			);
			defaultConfigurationIsVisible = 0;
			defaultConfigurationName = Release;
		};
/* End XCConfigurationList section */
	};
	rootObject = FD7143892A3F5D9000994AA7 /* Project object */;
}
